dependencies:
- name: vios
  repository: file://../../../services/vios
  version: 3.2.0
- name: infra
  repository: file://../../../services/infra
  version: 3.2.0
- name: bp-configurator
  repository: file://../../../services/bp-configurator
  version: 3.2.0
- name: calibration-import
  repository: file://../../../services/calibration-import
  version: 3.2.0
- name: rtvi
  repository: file://../../../services/rtvi
  version: 3.2.1
- name: analytics
  repository: file://../../../services/analytics
  version: 3.2.0
- name: monitoring
  repository: file://../../../services/monitoring
  version: 3.2.0
digest: sha256:b062ed1b5f2fd116ae0a9954b95539ac8166f7c5139168a3b8b511d4c7a6caa1
generated: "2026-07-29T12:22:17.122019134-07:00"
