dependencies:
- name: infra
  repository: file://../../services/infra
  version: 3.2.0
- name: vios
  repository: file://../../services/vios
  version: 3.2.0
- name: agent
  repository: file://../../services/agent
  version: 3.2.0
- name: vss-agent-ui
  repository: file://../../services/ui
  version: 3.2.0
- name: nims
  repository: file://../../services/nims
  version: 3.2.0
- name: rtvi
  repository: file://../../services/rtvi
  version: 3.2.1
digest: sha256:0000000000000000000000000000000000000000000000000000000000000000
generated: "2026-07-20T00:00:00.000000000+00:00"
