dependencies:
- name: vss-rtvi-cv
  repository: file://./charts/rtvi-cv
  version: 3.3.0
- name: vss-rtvi-vlm
  repository: file://./charts/rtvi-vlm
  version: 3.3.0
- name: vss-rtvi-embed
  repository: file://./charts/rtvi-embed
  version: 3.3.0
- name: vss-reid-embed
  repository: file://./charts/reid-embed
  version: 3.3.0
digest: sha256:810270b8ec3d4be92560af6224571f1275c3159566f7cbf6f223781f1b4ea543
generated: "2026-09-04T07:18:11.360611412Z"
