dependencies:
- name: vss-rtvi-cv
  repository: file://./charts/rtvi-cv
  version: 3.2.1
- name: vss-rtvi-vlm
  repository: file://./charts/rtvi-vlm
  version: 3.2.1
- name: vss-rtvi-embed
  repository: file://./charts/rtvi-embed
  version: 3.2.1
digest: sha256:eb1ad3c9a082f3875caa0cf1a9614855401b931a1ea908e11053134d91bf1264
generated: "2026-08-05T16:57:58.005727-04:00"
