dependencies:
- name: vios
  repository: file://../../services/vios
  version: 3.3.0
- name: infra
  repository: file://../../services/infra
  version: 3.3.0
- name: bp-configurator
  repository: file://../../services/bp-configurator
  version: 3.3.0
- name: calibration-import
  repository: file://../../services/calibration-import
  version: 3.3.0
- name: rtvi
  repository: file://../../services/rtvi
  version: 3.3.0
- name: analytics
  repository: file://../../services/analytics
  version: 3.3.0
- name: monitoring
  repository: file://../../services/monitoring
  version: 3.3.0
digest: sha256:9bdcb3aa3a2f9a732ea3b9d69a96686b314143475a4bf7eaddd4a604c6552f0d
generated: "2026-08-31T23:24:17.128128344Z"
