dependencies:
- name: phoenix
  repository: file://./charts/phoenix
  version: 26.04.2
- name: redis
  repository: file://./charts/redis
  version: 26.04.2
- name: sdrc
  repository: file://./charts/sdrc
  version: 26.04.2
- name: elasticsearch
  repository: file://./charts/elasticsearch
  version: 26.04.2
- name: kibana
  repository: file://./charts/kibana
  version: 26.04.2
- name: kafka
  repository: file://./charts/kafka
  version: 26.04.2
- name: logstash
  repository: file://./charts/logstash
  version: 26.04.2
- name: vss-broker-health-check
  repository: file://./charts/broker-health-check
  version: 26.04.2
digest: sha256:46b846c200cdd2713fd5467e154263fec2871c0429619d4f06989707ab97f220
generated: "2026-05-15T01:58:12.57079796Z"
