dependencies:
- name: common
  repository: file://../../services/common
  version: 3.3.0
- name: vios
  repository: file://../../services/vios
  version: 3.3.0
- name: infra
  repository: file://../../services/infra
  version: 3.3.0
- name: rtvi
  repository: file://../../services/rtvi
  version: 3.3.0
- name: analytics
  repository: file://../../services/analytics
  version: 3.3.0
- name: agent
  repository: file://../../services/agent
  version: 3.3.0
- name: vss-agent-ui
  repository: file://../../services/ui
  version: 3.3.0
- name: nims
  repository: file://../../services/nims
  version: 3.3.0
digest: sha256:547b67c0ccc8748f3bad408ace2f040c46cc65e1e67804571f74d6d0fc9d0c87
generated: "2026-08-26T13:53:27.746418754Z"
