dependencies:
- name: vios
  repository: file://../../../services/vios
  version: 3.2.0
- name: infra
  repository: file://../../../services/infra
  version: 3.2.0
- name: bp-configurator
  repository: file://../../../services/bp-configurator
  version: 3.2.0
- name: calibration-import
  repository: file://../../../services/calibration-import
  version: 3.2.0
- name: rtvi
  repository: file://../../../services/rtvi
  version: 3.2.1
- name: analytics
  repository: file://../../../services/analytics
  version: 3.2.0
- name: vss-alert-bridge
  repository: file://../../../services/alert
  version: 3.2.0
- name: agent
  repository: file://../../../services/agent
  version: 3.2.0
digest: sha256:7da2694c24341b06247eb93cbd623fceb786e7a800a5664372f556ac98fac06a
generated: "2026-07-22T16:39:25.357456313-07:00"
