dependencies:
- name: vios
  repository: file://../../../services/vios
  version: 3.2.0
- name: infra
  repository: file://../../../services/infra
  version: 3.2.0
- name: bp-configurator
  repository: file://../../../services/bp-configurator
  version: 3.2.0
- name: calibration-import
  repository: file://../../../services/calibration-import
  version: 3.3.0
- name: rtvi
  repository: file://../../../services/rtvi
  version: 3.2.1
- name: analytics
  repository: file://../../../services/analytics
  version: 3.2.0
- name: monitoring
  repository: file://../../../services/monitoring
  version: 3.2.0
digest: sha256:040f87f109ef04744f1c95631f0fd321ee70a23206a911af206857f48b765256
generated: "2026-08-14T12:34:26.56621-07:00"
